
Microsoft Visual Studio Solution File, Format Version 12.00
# Visual Studio 15
Project("{FAE04EC0-301F-11D3-BF4B-00C04F79EFBC}") = "Assembly-CSharp", "Assembly-CSharp.csproj", "{D881EE04-54F0-CEF7-2A12-4CDD9FA641A4}"
EndProject
Project("{FAE04EC0-301F-11D3-BF4B-00C04F79EFBC}") = "Assembly-CSharp-Editor", "Assembly-CSharp-Editor.csproj", "{501883CC-DD5F-3339-A195-65BD29FBAC20}"
EndProject
Global
	GlobalSection(SolutionConfigurationPlatforms) = preSolution
		Debug|Any CPU = Debug|Any CPU
		Release|Any CPU = Release|Any CPU
	EndGlobalSection
	GlobalSection(ProjectConfigurationPlatforms) = postSolution
		{D881EE04-54F0-CEF7-2A12-4CDD9FA641A4}.Debug|Any CPU.ActiveCfg = Debug|Any CPU
		{D881EE04-54F0-CEF7-2A12-4CDD9FA641A4}.Debug|Any CPU.Build.0 = Debug|Any CPU
		{D881EE04-54F0-CEF7-2A12-4CDD9FA641A4}.Release|Any CPU.ActiveCfg = Release|Any CPU
		{D881EE04-54F0-CEF7-2A12-4CDD9FA641A4}.Release|Any CPU.Build.0 = Release|Any CPU
		{501883CC-DD5F-3339-A195-65BD29FBAC20}.Debug|Any CPU.ActiveCfg = Debug|Any CPU
		{501883CC-DD5F-3339-A195-65BD29FBAC20}.Debug|Any CPU.Build.0 = Debug|Any CPU
		{501883CC-DD5F-3339-A195-65BD29FBAC20}.Release|Any CPU.ActiveCfg = Release|Any CPU
		{501883CC-DD5F-3339-A195-65BD29FBAC20}.Release|Any CPU.Build.0 = Release|Any CPU
	EndGlobalSection
	GlobalSection(SolutionProperties) = preSolution
		HideSolutionNode = FALSE
	EndGlobalSection
EndGlobal
