
Microsoft Visual Studio Solution File, Format Version 12.00
# Visual Studio 15
Project("{FAE04EC0-301F-11D3-BF4B-00C04F79EFBC}") = "Assembly-CSharp", "Assembly-CSharp.csproj", "{FA8EB3A6-2220-8D5F-1F71-FB0EC9F17C04}"
EndProject
Project("{FAE04EC0-301F-11D3-BF4B-00C04F79EFBC}") = "Assembly-CSharp-firstpass", "Assembly-CSharp-firstpass.csproj", "{D232EFBB-B961-7955-B85E-03AC334BD8D9}"
EndProject
Project("{FAE04EC0-301F-11D3-BF4B-00C04F79EFBC}") = "Assembly-CSharp-Editor-firstpass", "Assembly-CSharp-Editor-firstpass.csproj", "{92BFB81B-BDCE-C0EC-8298-69D521C7F2A6}"
EndProject
Project("{FAE04EC0-301F-11D3-BF4B-00C04F79EFBC}") = "Assembly-CSharp-Editor", "Assembly-CSharp-Editor.csproj", "{AE26F402-0C25-D9E2-9A5E-BCC2E874E79E}"
EndProject
Global
	GlobalSection(SolutionConfigurationPlatforms) = preSolution
		Debug|Any CPU = Debug|Any CPU
		Release|Any CPU = Release|Any CPU
	EndGlobalSection
	GlobalSection(ProjectConfigurationPlatforms) = postSolution
		{FA8EB3A6-2220-8D5F-1F71-FB0EC9F17C04}.Debug|Any CPU.ActiveCfg = Debug|Any CPU
		{FA8EB3A6-2220-8D5F-1F71-FB0EC9F17C04}.Debug|Any CPU.Build.0 = Debug|Any CPU
		{FA8EB3A6-2220-8D5F-1F71-FB0EC9F17C04}.Release|Any CPU.ActiveCfg = Release|Any CPU
		{FA8EB3A6-2220-8D5F-1F71-FB0EC9F17C04}.Release|Any CPU.Build.0 = Release|Any CPU
		{D232EFBB-B961-7955-B85E-03AC334BD8D9}.Debug|Any CPU.ActiveCfg = Debug|Any CPU
		{D232EFBB-B961-7955-B85E-03AC334BD8D9}.Debug|Any CPU.Build.0 = Debug|Any CPU
		{D232EFBB-B961-7955-B85E-03AC334BD8D9}.Release|Any CPU.ActiveCfg = Release|Any CPU
		{D232EFBB-B961-7955-B85E-03AC334BD8D9}.Release|Any CPU.Build.0 = Release|Any CPU
		{92BFB81B-BDCE-C0EC-8298-69D521C7F2A6}.Debug|Any CPU.ActiveCfg = Debug|Any CPU
		{92BFB81B-BDCE-C0EC-8298-69D521C7F2A6}.Debug|Any CPU.Build.0 = Debug|Any CPU
		{92BFB81B-BDCE-C0EC-8298-69D521C7F2A6}.Release|Any CPU.ActiveCfg = Release|Any CPU
		{92BFB81B-BDCE-C0EC-8298-69D521C7F2A6}.Release|Any CPU.Build.0 = Release|Any CPU
		{AE26F402-0C25-D9E2-9A5E-BCC2E874E79E}.Debug|Any CPU.ActiveCfg = Debug|Any CPU
		{AE26F402-0C25-D9E2-9A5E-BCC2E874E79E}.Debug|Any CPU.Build.0 = Debug|Any CPU
		{AE26F402-0C25-D9E2-9A5E-BCC2E874E79E}.Release|Any CPU.ActiveCfg = Release|Any CPU
		{AE26F402-0C25-D9E2-9A5E-BCC2E874E79E}.Release|Any CPU.Build.0 = Release|Any CPU
	EndGlobalSection
	GlobalSection(SolutionProperties) = preSolution
		HideSolutionNode = FALSE
	EndGlobalSection
EndGlobal
