
Microsoft Visual Studio Solution File, Format Version 12.00
# Visual Studio 15
Project("{FAE04EC0-301F-11D3-BF4B-00C04F79EFBC}") = "Assembly-CSharp", "Assembly-CSharp.csproj", "{C532BE41-8327-9C6F-8131-61748CD5B9FE}"
EndProject
Project("{FAE04EC0-301F-11D3-BF4B-00C04F79EFBC}") = "ACTk.Runtime", "ACTk.Runtime.csproj", "{D150CD0F-86B5-7B94-0593-28603F07316C}"
EndProject
Project("{FAE04EC0-301F-11D3-BF4B-00C04F79EFBC}") = "ACTk.Examples.Runtime", "ACTk.Examples.Runtime.csproj", "{63367916-E126-92C4-6A04-9ED08AA91A4D}"
EndProject
Project("{FAE04EC0-301F-11D3-BF4B-00C04F79EFBC}") = "ACTk.Examples.Genuine.Runtime", "ACTk.Examples.Genuine.Runtime.csproj", "{8C86D283-168E-E9C6-2345-92198D220045}"
EndProject
Project("{FAE04EC0-301F-11D3-BF4B-00C04F79EFBC}") = "Assembly-CSharp-firstpass", "Assembly-CSharp-firstpass.csproj", "{19C924B5-EC04-AAA8-24DC-6F1D179301DA}"
EndProject
Project("{FAE04EC0-301F-11D3-BF4B-00C04F79EFBC}") = "Assembly-CSharp-Editor", "Assembly-CSharp-Editor.csproj", "{C8C0202B-8D78-0D1D-5F5A-0FF60A511810}"
EndProject
Project("{FAE04EC0-301F-11D3-BF4B-00C04F79EFBC}") = "ACTk.Editor", "ACTk.Editor.csproj", "{1D71D945-97AA-B0A4-3762-102788AC350F}"
EndProject
Project("{FAE04EC0-301F-11D3-BF4B-00C04F79EFBC}") = "ACTk.Examples.Genuine.Editor", "ACTk.Examples.Genuine.Editor.csproj", "{276E3CD8-4CBC-EF05-8833-5078B691DDF9}"
EndProject
Global
	GlobalSection(SolutionConfigurationPlatforms) = preSolution
		Debug|Any CPU = Debug|Any CPU
		Release|Any CPU = Release|Any CPU
	EndGlobalSection
	GlobalSection(ProjectConfigurationPlatforms) = postSolution
		{C532BE41-8327-9C6F-8131-61748CD5B9FE}.Debug|Any CPU.ActiveCfg = Debug|Any CPU
		{C532BE41-8327-9C6F-8131-61748CD5B9FE}.Debug|Any CPU.Build.0 = Debug|Any CPU
		{C532BE41-8327-9C6F-8131-61748CD5B9FE}.Release|Any CPU.ActiveCfg = Release|Any CPU
		{C532BE41-8327-9C6F-8131-61748CD5B9FE}.Release|Any CPU.Build.0 = Release|Any CPU
		{D150CD0F-86B5-7B94-0593-28603F07316C}.Debug|Any CPU.ActiveCfg = Debug|Any CPU
		{D150CD0F-86B5-7B94-0593-28603F07316C}.Debug|Any CPU.Build.0 = Debug|Any CPU
		{D150CD0F-86B5-7B94-0593-28603F07316C}.Release|Any CPU.ActiveCfg = Release|Any CPU
		{D150CD0F-86B5-7B94-0593-28603F07316C}.Release|Any CPU.Build.0 = Release|Any CPU
		{63367916-E126-92C4-6A04-9ED08AA91A4D}.Debug|Any CPU.ActiveCfg = Debug|Any CPU
		{63367916-E126-92C4-6A04-9ED08AA91A4D}.Debug|Any CPU.Build.0 = Debug|Any CPU
		{63367916-E126-92C4-6A04-9ED08AA91A4D}.Release|Any CPU.ActiveCfg = Release|Any CPU
		{63367916-E126-92C4-6A04-9ED08AA91A4D}.Release|Any CPU.Build.0 = Release|Any CPU
		{8C86D283-168E-E9C6-2345-92198D220045}.Debug|Any CPU.ActiveCfg = Debug|Any CPU
		{8C86D283-168E-E9C6-2345-92198D220045}.Debug|Any CPU.Build.0 = Debug|Any CPU
		{8C86D283-168E-E9C6-2345-92198D220045}.Release|Any CPU.ActiveCfg = Release|Any CPU
		{8C86D283-168E-E9C6-2345-92198D220045}.Release|Any CPU.Build.0 = Release|Any CPU
		{19C924B5-EC04-AAA8-24DC-6F1D179301DA}.Debug|Any CPU.ActiveCfg = Debug|Any CPU
		{19C924B5-EC04-AAA8-24DC-6F1D179301DA}.Debug|Any CPU.Build.0 = Debug|Any CPU
		{19C924B5-EC04-AAA8-24DC-6F1D179301DA}.Release|Any CPU.ActiveCfg = Release|Any CPU
		{19C924B5-EC04-AAA8-24DC-6F1D179301DA}.Release|Any CPU.Build.0 = Release|Any CPU
		{C8C0202B-8D78-0D1D-5F5A-0FF60A511810}.Debug|Any CPU.ActiveCfg = Debug|Any CPU
		{C8C0202B-8D78-0D1D-5F5A-0FF60A511810}.Debug|Any CPU.Build.0 = Debug|Any CPU
		{C8C0202B-8D78-0D1D-5F5A-0FF60A511810}.Release|Any CPU.ActiveCfg = Release|Any CPU
		{C8C0202B-8D78-0D1D-5F5A-0FF60A511810}.Release|Any CPU.Build.0 = Release|Any CPU
		{1D71D945-97AA-B0A4-3762-102788AC350F}.Debug|Any CPU.ActiveCfg = Debug|Any CPU
		{1D71D945-97AA-B0A4-3762-102788AC350F}.Debug|Any CPU.Build.0 = Debug|Any CPU
		{1D71D945-97AA-B0A4-3762-102788AC350F}.Release|Any CPU.ActiveCfg = Release|Any CPU
		{1D71D945-97AA-B0A4-3762-102788AC350F}.Release|Any CPU.Build.0 = Release|Any CPU
		{276E3CD8-4CBC-EF05-8833-5078B691DDF9}.Debug|Any CPU.ActiveCfg = Debug|Any CPU
		{276E3CD8-4CBC-EF05-8833-5078B691DDF9}.Debug|Any CPU.Build.0 = Debug|Any CPU
		{276E3CD8-4CBC-EF05-8833-5078B691DDF9}.Release|Any CPU.ActiveCfg = Release|Any CPU
		{276E3CD8-4CBC-EF05-8833-5078B691DDF9}.Release|Any CPU.Build.0 = Release|Any CPU
	EndGlobalSection
	GlobalSection(SolutionProperties) = preSolution
		HideSolutionNode = FALSE
	EndGlobalSection
EndGlobal
