
Microsoft Visual Studio Solution File, Format Version 12.00
# Visual Studio 15
Project("{FAE04EC0-301F-11D3-BF4B-00C04F79EFBC}") = "Assembly-CSharp", "Assembly-CSharp.csproj", "{38A69D6A-E9B8-373E-7517-ACF4A4F2DBA7}"
EndProject
Project("{FAE04EC0-301F-11D3-BF4B-00C04F79EFBC}") = "ACTk.Runtime", "ACTk.Runtime.csproj", "{6E38D224-EE4C-6EAC-9633-AAC603E47B66}"
EndProject
Project("{FAE04EC0-301F-11D3-BF4B-00C04F79EFBC}") = "ACTk.Examples.Runtime", "ACTk.Examples.Runtime.csproj", "{CBC7CB2A-7C79-A4A9-66A5-E69F2A210286}"
EndProject
Project("{FAE04EC0-301F-11D3-BF4B-00C04F79EFBC}") = "ACTk.Examples.Genuine.Runtime", "ACTk.Examples.Genuine.Runtime.csproj", "{C79E93D1-9307-1F5B-12F5-28B35F6075C4}"
EndProject
Project("{FAE04EC0-301F-11D3-BF4B-00C04F79EFBC}") = "Assembly-CSharp-firstpass", "Assembly-CSharp-firstpass.csproj", "{506A0ACF-33DF-5872-3175-E78AA8A83F2E}"
EndProject
Project("{FAE04EC0-301F-11D3-BF4B-00C04F79EFBC}") = "Assembly-CSharp-Editor", "Assembly-CSharp-Editor.csproj", "{8621ED61-E551-56D5-DF3E-6289C7D87E7A}"
EndProject
Project("{FAE04EC0-301F-11D3-BF4B-00C04F79EFBC}") = "ACTk.Editor", "ACTk.Editor.csproj", "{3173C8BD-CAF1-F31A-4A0D-C869F2B7AF75}"
EndProject
Project("{FAE04EC0-301F-11D3-BF4B-00C04F79EFBC}") = "ACTk.Examples.Genuine.Editor", "ACTk.Examples.Genuine.Editor.csproj", "{A84B27CC-B2A4-85D0-4D51-F21A2853E895}"
EndProject
Global
	GlobalSection(SolutionConfigurationPlatforms) = preSolution
		Debug|Any CPU = Debug|Any CPU
		Release|Any CPU = Release|Any CPU
	EndGlobalSection
	GlobalSection(ProjectConfigurationPlatforms) = postSolution
		{38A69D6A-E9B8-373E-7517-ACF4A4F2DBA7}.Debug|Any CPU.ActiveCfg = Debug|Any CPU
		{38A69D6A-E9B8-373E-7517-ACF4A4F2DBA7}.Debug|Any CPU.Build.0 = Debug|Any CPU
		{38A69D6A-E9B8-373E-7517-ACF4A4F2DBA7}.Release|Any CPU.ActiveCfg = Release|Any CPU
		{38A69D6A-E9B8-373E-7517-ACF4A4F2DBA7}.Release|Any CPU.Build.0 = Release|Any CPU
		{6E38D224-EE4C-6EAC-9633-AAC603E47B66}.Debug|Any CPU.ActiveCfg = Debug|Any CPU
		{6E38D224-EE4C-6EAC-9633-AAC603E47B66}.Debug|Any CPU.Build.0 = Debug|Any CPU
		{6E38D224-EE4C-6EAC-9633-AAC603E47B66}.Release|Any CPU.ActiveCfg = Release|Any CPU
		{6E38D224-EE4C-6EAC-9633-AAC603E47B66}.Release|Any CPU.Build.0 = Release|Any CPU
		{CBC7CB2A-7C79-A4A9-66A5-E69F2A210286}.Debug|Any CPU.ActiveCfg = Debug|Any CPU
		{CBC7CB2A-7C79-A4A9-66A5-E69F2A210286}.Debug|Any CPU.Build.0 = Debug|Any CPU
		{CBC7CB2A-7C79-A4A9-66A5-E69F2A210286}.Release|Any CPU.ActiveCfg = Release|Any CPU
		{CBC7CB2A-7C79-A4A9-66A5-E69F2A210286}.Release|Any CPU.Build.0 = Release|Any CPU
		{C79E93D1-9307-1F5B-12F5-28B35F6075C4}.Debug|Any CPU.ActiveCfg = Debug|Any CPU
		{C79E93D1-9307-1F5B-12F5-28B35F6075C4}.Debug|Any CPU.Build.0 = Debug|Any CPU
		{C79E93D1-9307-1F5B-12F5-28B35F6075C4}.Release|Any CPU.ActiveCfg = Release|Any CPU
		{C79E93D1-9307-1F5B-12F5-28B35F6075C4}.Release|Any CPU.Build.0 = Release|Any CPU
		{506A0ACF-33DF-5872-3175-E78AA8A83F2E}.Debug|Any CPU.ActiveCfg = Debug|Any CPU
		{506A0ACF-33DF-5872-3175-E78AA8A83F2E}.Debug|Any CPU.Build.0 = Debug|Any CPU
		{506A0ACF-33DF-5872-3175-E78AA8A83F2E}.Release|Any CPU.ActiveCfg = Release|Any CPU
		{506A0ACF-33DF-5872-3175-E78AA8A83F2E}.Release|Any CPU.Build.0 = Release|Any CPU
		{8621ED61-E551-56D5-DF3E-6289C7D87E7A}.Debug|Any CPU.ActiveCfg = Debug|Any CPU
		{8621ED61-E551-56D5-DF3E-6289C7D87E7A}.Debug|Any CPU.Build.0 = Debug|Any CPU
		{8621ED61-E551-56D5-DF3E-6289C7D87E7A}.Release|Any CPU.ActiveCfg = Release|Any CPU
		{8621ED61-E551-56D5-DF3E-6289C7D87E7A}.Release|Any CPU.Build.0 = Release|Any CPU
		{3173C8BD-CAF1-F31A-4A0D-C869F2B7AF75}.Debug|Any CPU.ActiveCfg = Debug|Any CPU
		{3173C8BD-CAF1-F31A-4A0D-C869F2B7AF75}.Debug|Any CPU.Build.0 = Debug|Any CPU
		{3173C8BD-CAF1-F31A-4A0D-C869F2B7AF75}.Release|Any CPU.ActiveCfg = Release|Any CPU
		{3173C8BD-CAF1-F31A-4A0D-C869F2B7AF75}.Release|Any CPU.Build.0 = Release|Any CPU
		{A84B27CC-B2A4-85D0-4D51-F21A2853E895}.Debug|Any CPU.ActiveCfg = Debug|Any CPU
		{A84B27CC-B2A4-85D0-4D51-F21A2853E895}.Debug|Any CPU.Build.0 = Debug|Any CPU
		{A84B27CC-B2A4-85D0-4D51-F21A2853E895}.Release|Any CPU.ActiveCfg = Release|Any CPU
		{A84B27CC-B2A4-85D0-4D51-F21A2853E895}.Release|Any CPU.Build.0 = Release|Any CPU
	EndGlobalSection
	GlobalSection(SolutionProperties) = preSolution
		HideSolutionNode = FALSE
	EndGlobalSection
EndGlobal
