
Microsoft Visual Studio Solution File, Format Version 11.00
# Visual Studio 2010
Project("{FAE04EC0-301F-11D3-BF4B-00C04F79EFBC}") = "Assembly-CSharp", "Assembly-CSharp.csproj", "{576A4A9C-26FF-379D-070A-9ED916752672}"
EndProject
Project("{FAE04EC0-301F-11D3-BF4B-00C04F79EFBC}") = "ACTk.Runtime", "ACTk.Runtime.csproj", "{498FA3AA-9494-45D0-62A9-6D024FE900F2}"
EndProject
Project("{FAE04EC0-301F-11D3-BF4B-00C04F79EFBC}") = "ACTk.Examples.Runtime", "ACTk.Examples.Runtime.csproj", "{249C7318-BB98-37F0-D90B-DF666CEFA738}"
EndProject
Project("{FAE04EC0-301F-11D3-BF4B-00C04F79EFBC}") = "ACTk.Examples.Genuine.Runtime", "ACTk.Examples.Genuine.Runtime.csproj", "{D5CCC91E-4D21-82E2-E8CB-F5AF34976617}"
EndProject
Project("{FAE04EC0-301F-11D3-BF4B-00C04F79EFBC}") = "Assembly-CSharp-firstpass", "Assembly-CSharp-firstpass.csproj", "{98FA76BE-3A40-F4DC-15AD-481F64B95799}"
EndProject
Project("{FAE04EC0-301F-11D3-BF4B-00C04F79EFBC}") = "ACTk.Editor", "ACTk.Editor.csproj", "{A5D16E50-9CF0-97D0-AF06-3BE7F383CFF5}"
EndProject
Project("{FAE04EC0-301F-11D3-BF4B-00C04F79EFBC}") = "Assembly-CSharp-Editor", "Assembly-CSharp-Editor.csproj", "{3DAF3079-11C0-04B7-36DB-653E99327268}"
EndProject
Project("{FAE04EC0-301F-11D3-BF4B-00C04F79EFBC}") = "ACTk.Examples.Genuine.Editor", "ACTk.Examples.Genuine.Editor.csproj", "{32016F74-C454-39F9-DE96-4340763A05E3}"
EndProject
Global
	GlobalSection(SolutionConfigurationPlatforms) = preSolution
		Debug|Any CPU = Debug|Any CPU
		Release|Any CPU = Release|Any CPU
	EndGlobalSection
	GlobalSection(ProjectConfigurationPlatforms) = postSolution
		{576A4A9C-26FF-379D-070A-9ED916752672}.Debug|Any CPU.ActiveCfg = Debug|Any CPU
		{576A4A9C-26FF-379D-070A-9ED916752672}.Debug|Any CPU.Build.0 = Debug|Any CPU
		{576A4A9C-26FF-379D-070A-9ED916752672}.Release|Any CPU.ActiveCfg = Release|Any CPU
		{576A4A9C-26FF-379D-070A-9ED916752672}.Release|Any CPU.Build.0 = Release|Any CPU
		{498FA3AA-9494-45D0-62A9-6D024FE900F2}.Debug|Any CPU.ActiveCfg = Debug|Any CPU
		{498FA3AA-9494-45D0-62A9-6D024FE900F2}.Debug|Any CPU.Build.0 = Debug|Any CPU
		{498FA3AA-9494-45D0-62A9-6D024FE900F2}.Release|Any CPU.ActiveCfg = Release|Any CPU
		{498FA3AA-9494-45D0-62A9-6D024FE900F2}.Release|Any CPU.Build.0 = Release|Any CPU
		{249C7318-BB98-37F0-D90B-DF666CEFA738}.Debug|Any CPU.ActiveCfg = Debug|Any CPU
		{249C7318-BB98-37F0-D90B-DF666CEFA738}.Debug|Any CPU.Build.0 = Debug|Any CPU
		{249C7318-BB98-37F0-D90B-DF666CEFA738}.Release|Any CPU.ActiveCfg = Release|Any CPU
		{249C7318-BB98-37F0-D90B-DF666CEFA738}.Release|Any CPU.Build.0 = Release|Any CPU
		{D5CCC91E-4D21-82E2-E8CB-F5AF34976617}.Debug|Any CPU.ActiveCfg = Debug|Any CPU
		{D5CCC91E-4D21-82E2-E8CB-F5AF34976617}.Debug|Any CPU.Build.0 = Debug|Any CPU
		{D5CCC91E-4D21-82E2-E8CB-F5AF34976617}.Release|Any CPU.ActiveCfg = Release|Any CPU
		{D5CCC91E-4D21-82E2-E8CB-F5AF34976617}.Release|Any CPU.Build.0 = Release|Any CPU
		{98FA76BE-3A40-F4DC-15AD-481F64B95799}.Debug|Any CPU.ActiveCfg = Debug|Any CPU
		{98FA76BE-3A40-F4DC-15AD-481F64B95799}.Debug|Any CPU.Build.0 = Debug|Any CPU
		{98FA76BE-3A40-F4DC-15AD-481F64B95799}.Release|Any CPU.ActiveCfg = Release|Any CPU
		{98FA76BE-3A40-F4DC-15AD-481F64B95799}.Release|Any CPU.Build.0 = Release|Any CPU
		{A5D16E50-9CF0-97D0-AF06-3BE7F383CFF5}.Debug|Any CPU.ActiveCfg = Debug|Any CPU
		{A5D16E50-9CF0-97D0-AF06-3BE7F383CFF5}.Debug|Any CPU.Build.0 = Debug|Any CPU
		{A5D16E50-9CF0-97D0-AF06-3BE7F383CFF5}.Release|Any CPU.ActiveCfg = Release|Any CPU
		{A5D16E50-9CF0-97D0-AF06-3BE7F383CFF5}.Release|Any CPU.Build.0 = Release|Any CPU
		{3DAF3079-11C0-04B7-36DB-653E99327268}.Debug|Any CPU.ActiveCfg = Debug|Any CPU
		{3DAF3079-11C0-04B7-36DB-653E99327268}.Debug|Any CPU.Build.0 = Debug|Any CPU
		{3DAF3079-11C0-04B7-36DB-653E99327268}.Release|Any CPU.ActiveCfg = Release|Any CPU
		{3DAF3079-11C0-04B7-36DB-653E99327268}.Release|Any CPU.Build.0 = Release|Any CPU
		{32016F74-C454-39F9-DE96-4340763A05E3}.Debug|Any CPU.ActiveCfg = Debug|Any CPU
		{32016F74-C454-39F9-DE96-4340763A05E3}.Debug|Any CPU.Build.0 = Debug|Any CPU
		{32016F74-C454-39F9-DE96-4340763A05E3}.Release|Any CPU.ActiveCfg = Release|Any CPU
		{32016F74-C454-39F9-DE96-4340763A05E3}.Release|Any CPU.Build.0 = Release|Any CPU
	EndGlobalSection
	GlobalSection(SolutionProperties) = preSolution
		HideSolutionNode = FALSE
	EndGlobalSection
EndGlobal
