
Microsoft Visual Studio Solution File, Format Version 12.00
# Visual Studio 15
Project("{FAE04EC0-301F-11D3-BF4B-00C04F79EFBC}") = "Assembly-CSharp", "Assembly-CSharp.csproj", "{23F00EC9-29F3-44C6-DF46-C1EFD0E99A4E}"
EndProject
Project("{FAE04EC0-301F-11D3-BF4B-00C04F79EFBC}") = "ACTk.Runtime", "ACTk.Runtime.csproj", "{9BCBADC1-872A-2171-232C-837C52A4683A}"
EndProject
Project("{FAE04EC0-301F-11D3-BF4B-00C04F79EFBC}") = "ACTk.Examples.Runtime", "ACTk.Examples.Runtime.csproj", "{2ABAD6FC-300A-3BAA-6492-428313B3DAFD}"
EndProject
Project("{FAE04EC0-301F-11D3-BF4B-00C04F79EFBC}") = "ACTk.Examples.Genuine.Runtime", "ACTk.Examples.Genuine.Runtime.csproj", "{ABC0564D-ABDC-3F69-9E93-ABA6AABBC1E4}"
EndProject
Project("{FAE04EC0-301F-11D3-BF4B-00C04F79EFBC}") = "Assembly-CSharp-firstpass", "Assembly-CSharp-firstpass.csproj", "{BFF80C5B-7E15-859B-EAD8-118A89B417ED}"
EndProject
Project("{FAE04EC0-301F-11D3-BF4B-00C04F79EFBC}") = "ACTk.Editor", "ACTk.Editor.csproj", "{6C058B52-B3CA-90AB-806C-013616586B18}"
EndProject
Project("{FAE04EC0-301F-11D3-BF4B-00C04F79EFBC}") = "Assembly-CSharp-Editor", "Assembly-CSharp-Editor.csproj", "{BD47D73D-9CAB-078C-B86A-928994854D34}"
EndProject
Project("{FAE04EC0-301F-11D3-BF4B-00C04F79EFBC}") = "ACTk.Examples.Genuine.Editor", "ACTk.Examples.Genuine.Editor.csproj", "{4FCF64CD-028A-CE5D-6512-689F049B2EDA}"
EndProject
Global
	GlobalSection(SolutionConfigurationPlatforms) = preSolution
		Debug|Any CPU = Debug|Any CPU
		Release|Any CPU = Release|Any CPU
	EndGlobalSection
	GlobalSection(ProjectConfigurationPlatforms) = postSolution
		{23F00EC9-29F3-44C6-DF46-C1EFD0E99A4E}.Debug|Any CPU.ActiveCfg = Debug|Any CPU
		{23F00EC9-29F3-44C6-DF46-C1EFD0E99A4E}.Debug|Any CPU.Build.0 = Debug|Any CPU
		{23F00EC9-29F3-44C6-DF46-C1EFD0E99A4E}.Release|Any CPU.ActiveCfg = Release|Any CPU
		{23F00EC9-29F3-44C6-DF46-C1EFD0E99A4E}.Release|Any CPU.Build.0 = Release|Any CPU
		{9BCBADC1-872A-2171-232C-837C52A4683A}.Debug|Any CPU.ActiveCfg = Debug|Any CPU
		{9BCBADC1-872A-2171-232C-837C52A4683A}.Debug|Any CPU.Build.0 = Debug|Any CPU
		{9BCBADC1-872A-2171-232C-837C52A4683A}.Release|Any CPU.ActiveCfg = Release|Any CPU
		{9BCBADC1-872A-2171-232C-837C52A4683A}.Release|Any CPU.Build.0 = Release|Any CPU
		{2ABAD6FC-300A-3BAA-6492-428313B3DAFD}.Debug|Any CPU.ActiveCfg = Debug|Any CPU
		{2ABAD6FC-300A-3BAA-6492-428313B3DAFD}.Debug|Any CPU.Build.0 = Debug|Any CPU
		{2ABAD6FC-300A-3BAA-6492-428313B3DAFD}.Release|Any CPU.ActiveCfg = Release|Any CPU
		{2ABAD6FC-300A-3BAA-6492-428313B3DAFD}.Release|Any CPU.Build.0 = Release|Any CPU
		{ABC0564D-ABDC-3F69-9E93-ABA6AABBC1E4}.Debug|Any CPU.ActiveCfg = Debug|Any CPU
		{ABC0564D-ABDC-3F69-9E93-ABA6AABBC1E4}.Debug|Any CPU.Build.0 = Debug|Any CPU
		{ABC0564D-ABDC-3F69-9E93-ABA6AABBC1E4}.Release|Any CPU.ActiveCfg = Release|Any CPU
		{ABC0564D-ABDC-3F69-9E93-ABA6AABBC1E4}.Release|Any CPU.Build.0 = Release|Any CPU
		{BFF80C5B-7E15-859B-EAD8-118A89B417ED}.Debug|Any CPU.ActiveCfg = Debug|Any CPU
		{BFF80C5B-7E15-859B-EAD8-118A89B417ED}.Debug|Any CPU.Build.0 = Debug|Any CPU
		{BFF80C5B-7E15-859B-EAD8-118A89B417ED}.Release|Any CPU.ActiveCfg = Release|Any CPU
		{BFF80C5B-7E15-859B-EAD8-118A89B417ED}.Release|Any CPU.Build.0 = Release|Any CPU
		{6C058B52-B3CA-90AB-806C-013616586B18}.Debug|Any CPU.ActiveCfg = Debug|Any CPU
		{6C058B52-B3CA-90AB-806C-013616586B18}.Debug|Any CPU.Build.0 = Debug|Any CPU
		{6C058B52-B3CA-90AB-806C-013616586B18}.Release|Any CPU.ActiveCfg = Release|Any CPU
		{6C058B52-B3CA-90AB-806C-013616586B18}.Release|Any CPU.Build.0 = Release|Any CPU
		{BD47D73D-9CAB-078C-B86A-928994854D34}.Debug|Any CPU.ActiveCfg = Debug|Any CPU
		{BD47D73D-9CAB-078C-B86A-928994854D34}.Debug|Any CPU.Build.0 = Debug|Any CPU
		{BD47D73D-9CAB-078C-B86A-928994854D34}.Release|Any CPU.ActiveCfg = Release|Any CPU
		{BD47D73D-9CAB-078C-B86A-928994854D34}.Release|Any CPU.Build.0 = Release|Any CPU
		{4FCF64CD-028A-CE5D-6512-689F049B2EDA}.Debug|Any CPU.ActiveCfg = Debug|Any CPU
		{4FCF64CD-028A-CE5D-6512-689F049B2EDA}.Debug|Any CPU.Build.0 = Debug|Any CPU
		{4FCF64CD-028A-CE5D-6512-689F049B2EDA}.Release|Any CPU.ActiveCfg = Release|Any CPU
		{4FCF64CD-028A-CE5D-6512-689F049B2EDA}.Release|Any CPU.Build.0 = Release|Any CPU
	EndGlobalSection
	GlobalSection(SolutionProperties) = preSolution
		HideSolutionNode = FALSE
	EndGlobalSection
EndGlobal
