
Microsoft Visual Studio Solution File, Format Version 12.00
# Visual Studio 15
Project("{FAE04EC0-301F-11D3-BF4B-00C04F79EFBC}") = "Assembly-CSharp", "Assembly-CSharp.csproj", "{7669E982-4665-4480-5CCF-B4B503A88A31}"
EndProject
Project("{FAE04EC0-301F-11D3-BF4B-00C04F79EFBC}") = "Assembly-CSharp-firstpass", "Assembly-CSharp-firstpass.csproj", "{17C2F864-C73E-76EA-997C-BB0328F61382}"
EndProject
Project("{FAE04EC0-301F-11D3-BF4B-00C04F79EFBC}") = "Assembly-CSharp-Editor", "Assembly-CSharp-Editor.csproj", "{9455B14C-4216-9474-0DA3-7E70F566C67F}"
EndProject
Global
	GlobalSection(SolutionConfigurationPlatforms) = preSolution
		Debug|Any CPU = Debug|Any CPU
		Release|Any CPU = Release|Any CPU
	EndGlobalSection
	GlobalSection(ProjectConfigurationPlatforms) = postSolution
		{7669E982-4665-4480-5CCF-B4B503A88A31}.Debug|Any CPU.ActiveCfg = Debug|Any CPU
		{7669E982-4665-4480-5CCF-B4B503A88A31}.Debug|Any CPU.Build.0 = Debug|Any CPU
		{7669E982-4665-4480-5CCF-B4B503A88A31}.Release|Any CPU.ActiveCfg = Release|Any CPU
		{7669E982-4665-4480-5CCF-B4B503A88A31}.Release|Any CPU.Build.0 = Release|Any CPU
		{17C2F864-C73E-76EA-997C-BB0328F61382}.Debug|Any CPU.ActiveCfg = Debug|Any CPU
		{17C2F864-C73E-76EA-997C-BB0328F61382}.Debug|Any CPU.Build.0 = Debug|Any CPU
		{17C2F864-C73E-76EA-997C-BB0328F61382}.Release|Any CPU.ActiveCfg = Release|Any CPU
		{17C2F864-C73E-76EA-997C-BB0328F61382}.Release|Any CPU.Build.0 = Release|Any CPU
		{9455B14C-4216-9474-0DA3-7E70F566C67F}.Debug|Any CPU.ActiveCfg = Debug|Any CPU
		{9455B14C-4216-9474-0DA3-7E70F566C67F}.Debug|Any CPU.Build.0 = Debug|Any CPU
		{9455B14C-4216-9474-0DA3-7E70F566C67F}.Release|Any CPU.ActiveCfg = Release|Any CPU
		{9455B14C-4216-9474-0DA3-7E70F566C67F}.Release|Any CPU.Build.0 = Release|Any CPU
	EndGlobalSection
	GlobalSection(SolutionProperties) = preSolution
		HideSolutionNode = FALSE
	EndGlobalSection
EndGlobal
