
Microsoft Visual Studio Solution File, Format Version 12.00
# Visual Studio 15
Project("{FAE04EC0-301F-11D3-BF4B-00C04F79EFBC}") = "Assembly-CSharp", "Assembly-CSharp.csproj", "{6A039089-773C-3655-6A96-BC8EBA434795}"
EndProject
Project("{FAE04EC0-301F-11D3-BF4B-00C04F79EFBC}") = "Assembly-CSharp-firstpass", "Assembly-CSharp-firstpass.csproj", "{A8C64286-01F3-742D-F23C-DD93DC8CA15C}"
EndProject
Project("{FAE04EC0-301F-11D3-BF4B-00C04F79EFBC}") = "Assembly-CSharp-Editor", "Assembly-CSharp-Editor.csproj", "{8ED93127-E46F-FFCB-D647-9E93A447C6EE}"
EndProject
Global
	GlobalSection(SolutionConfigurationPlatforms) = preSolution
		Debug|Any CPU = Debug|Any CPU
		Release|Any CPU = Release|Any CPU
	EndGlobalSection
	GlobalSection(ProjectConfigurationPlatforms) = postSolution
		{6A039089-773C-3655-6A96-BC8EBA434795}.Debug|Any CPU.ActiveCfg = Debug|Any CPU
		{6A039089-773C-3655-6A96-BC8EBA434795}.Debug|Any CPU.Build.0 = Debug|Any CPU
		{6A039089-773C-3655-6A96-BC8EBA434795}.Release|Any CPU.ActiveCfg = Release|Any CPU
		{6A039089-773C-3655-6A96-BC8EBA434795}.Release|Any CPU.Build.0 = Release|Any CPU
		{A8C64286-01F3-742D-F23C-DD93DC8CA15C}.Debug|Any CPU.ActiveCfg = Debug|Any CPU
		{A8C64286-01F3-742D-F23C-DD93DC8CA15C}.Debug|Any CPU.Build.0 = Debug|Any CPU
		{A8C64286-01F3-742D-F23C-DD93DC8CA15C}.Release|Any CPU.ActiveCfg = Release|Any CPU
		{A8C64286-01F3-742D-F23C-DD93DC8CA15C}.Release|Any CPU.Build.0 = Release|Any CPU
		{8ED93127-E46F-FFCB-D647-9E93A447C6EE}.Debug|Any CPU.ActiveCfg = Debug|Any CPU
		{8ED93127-E46F-FFCB-D647-9E93A447C6EE}.Debug|Any CPU.Build.0 = Debug|Any CPU
		{8ED93127-E46F-FFCB-D647-9E93A447C6EE}.Release|Any CPU.ActiveCfg = Release|Any CPU
		{8ED93127-E46F-FFCB-D647-9E93A447C6EE}.Release|Any CPU.Build.0 = Release|Any CPU
	EndGlobalSection
	GlobalSection(SolutionProperties) = preSolution
		HideSolutionNode = FALSE
	EndGlobalSection
EndGlobal
