
Microsoft Visual Studio Solution File, Format Version 12.00
# Visual Studio 15
Project("{FAE04EC0-301F-11D3-BF4B-00C04F79EFBC}") = "Assembly-CSharp", "Assembly-CSharp.csproj", "{1950DB0A-6EC6-D411-4FC3-92428497A4DB}"
EndProject
Project("{FAE04EC0-301F-11D3-BF4B-00C04F79EFBC}") = "Assembly-CSharp-firstpass", "Assembly-CSharp-firstpass.csproj", "{CC356780-2DFC-F68C-98D3-61F56B2021B8}"
EndProject
Project("{FAE04EC0-301F-11D3-BF4B-00C04F79EFBC}") = "Assembly-CSharp-Editor", "Assembly-CSharp-Editor.csproj", "{CDDB5C40-80F2-3050-31AF-0B82002A6B2D}"
EndProject
Global
	GlobalSection(SolutionConfigurationPlatforms) = preSolution
		Debug|Any CPU = Debug|Any CPU
		Release|Any CPU = Release|Any CPU
	EndGlobalSection
	GlobalSection(ProjectConfigurationPlatforms) = postSolution
		{1950DB0A-6EC6-D411-4FC3-92428497A4DB}.Debug|Any CPU.ActiveCfg = Debug|Any CPU
		{1950DB0A-6EC6-D411-4FC3-92428497A4DB}.Debug|Any CPU.Build.0 = Debug|Any CPU
		{1950DB0A-6EC6-D411-4FC3-92428497A4DB}.Release|Any CPU.ActiveCfg = Release|Any CPU
		{1950DB0A-6EC6-D411-4FC3-92428497A4DB}.Release|Any CPU.Build.0 = Release|Any CPU
		{CC356780-2DFC-F68C-98D3-61F56B2021B8}.Debug|Any CPU.ActiveCfg = Debug|Any CPU
		{CC356780-2DFC-F68C-98D3-61F56B2021B8}.Debug|Any CPU.Build.0 = Debug|Any CPU
		{CC356780-2DFC-F68C-98D3-61F56B2021B8}.Release|Any CPU.ActiveCfg = Release|Any CPU
		{CC356780-2DFC-F68C-98D3-61F56B2021B8}.Release|Any CPU.Build.0 = Release|Any CPU
		{CDDB5C40-80F2-3050-31AF-0B82002A6B2D}.Debug|Any CPU.ActiveCfg = Debug|Any CPU
		{CDDB5C40-80F2-3050-31AF-0B82002A6B2D}.Debug|Any CPU.Build.0 = Debug|Any CPU
		{CDDB5C40-80F2-3050-31AF-0B82002A6B2D}.Release|Any CPU.ActiveCfg = Release|Any CPU
		{CDDB5C40-80F2-3050-31AF-0B82002A6B2D}.Release|Any CPU.Build.0 = Release|Any CPU
	EndGlobalSection
	GlobalSection(SolutionProperties) = preSolution
		HideSolutionNode = FALSE
	EndGlobalSection
EndGlobal
