
Microsoft Visual Studio Solution File, Format Version 12.00
# Visual Studio 15
Project("{FAE04EC0-301F-11D3-BF4B-00C04F79EFBC}") = "Assembly-CSharp", "Assembly-CSharp.csproj", "{644FDC72-4B60-59CB-F277-81C948493314}"
EndProject
Project("{FAE04EC0-301F-11D3-BF4B-00C04F79EFBC}") = "Assembly-CSharp-firstpass", "Assembly-CSharp-firstpass.csproj", "{7C7AA03A-C926-D53D-CD61-01123960DD63}"
EndProject
Project("{FAE04EC0-301F-11D3-BF4B-00C04F79EFBC}") = "Assembly-CSharp-Editor", "Assembly-CSharp-Editor.csproj", "{94ED6F6A-9C1F-A857-EDAA-8236445657A3}"
EndProject
Global
	GlobalSection(SolutionConfigurationPlatforms) = preSolution
		Debug|Any CPU = Debug|Any CPU
		Release|Any CPU = Release|Any CPU
	EndGlobalSection
	GlobalSection(ProjectConfigurationPlatforms) = postSolution
		{644FDC72-4B60-59CB-F277-81C948493314}.Debug|Any CPU.ActiveCfg = Debug|Any CPU
		{644FDC72-4B60-59CB-F277-81C948493314}.Debug|Any CPU.Build.0 = Debug|Any CPU
		{644FDC72-4B60-59CB-F277-81C948493314}.Release|Any CPU.ActiveCfg = Release|Any CPU
		{644FDC72-4B60-59CB-F277-81C948493314}.Release|Any CPU.Build.0 = Release|Any CPU
		{7C7AA03A-C926-D53D-CD61-01123960DD63}.Debug|Any CPU.ActiveCfg = Debug|Any CPU
		{7C7AA03A-C926-D53D-CD61-01123960DD63}.Debug|Any CPU.Build.0 = Debug|Any CPU
		{7C7AA03A-C926-D53D-CD61-01123960DD63}.Release|Any CPU.ActiveCfg = Release|Any CPU
		{7C7AA03A-C926-D53D-CD61-01123960DD63}.Release|Any CPU.Build.0 = Release|Any CPU
		{94ED6F6A-9C1F-A857-EDAA-8236445657A3}.Debug|Any CPU.ActiveCfg = Debug|Any CPU
		{94ED6F6A-9C1F-A857-EDAA-8236445657A3}.Debug|Any CPU.Build.0 = Debug|Any CPU
		{94ED6F6A-9C1F-A857-EDAA-8236445657A3}.Release|Any CPU.ActiveCfg = Release|Any CPU
		{94ED6F6A-9C1F-A857-EDAA-8236445657A3}.Release|Any CPU.Build.0 = Release|Any CPU
	EndGlobalSection
	GlobalSection(SolutionProperties) = preSolution
		HideSolutionNode = FALSE
	EndGlobalSection
EndGlobal
