
Microsoft Visual Studio Solution File, Format Version 12.00
# Visual Studio 15
Project("{FAE04EC0-301F-11D3-BF4B-00C04F79EFBC}") = "Assembly-CSharp", "Assembly-CSharp.csproj", "{2886321E-2B4C-2B40-6461-2B487F6A319C}"
EndProject
Project("{FAE04EC0-301F-11D3-BF4B-00C04F79EFBC}") = "MoreMountains.NiceVibrations.Demos", "MoreMountains.NiceVibrations.Demos.csproj", "{937F6BC8-4C9E-416E-E358-D4EAF1D12365}"
EndProject
Project("{FAE04EC0-301F-11D3-BF4B-00C04F79EFBC}") = "MoreMountains.NiceVibrations", "MoreMountains.NiceVibrations.csproj", "{266A7BEE-CFB9-39CE-F711-52126546A368}"
EndProject
Project("{FAE04EC0-301F-11D3-BF4B-00C04F79EFBC}") = "MoreMountains.NiceVibrations.Haptics", "MoreMountains.NiceVibrations.Haptics.csproj", "{DEA613F9-066E-C0BF-4660-8349E3050C58}"
EndProject
Project("{FAE04EC0-301F-11D3-BF4B-00C04F79EFBC}") = "Assembly-CSharp-firstpass", "Assembly-CSharp-firstpass.csproj", "{F64634B4-C55F-FD93-2D7B-85EAE9E45EF4}"
EndProject
Project("{FAE04EC0-301F-11D3-BF4B-00C04F79EFBC}") = "Assembly-CSharp-Editor", "Assembly-CSharp-Editor.csproj", "{B059CDB2-2F2E-0C81-C8A6-2A81D6DEC786}"
EndProject
Project("{FAE04EC0-301F-11D3-BF4B-00C04F79EFBC}") = "MoreMountains.NiceVibrations.Editor", "MoreMountains.NiceVibrations.Editor.csproj", "{A9FF7A6B-9C26-F991-0235-DC0695F321F2}"
EndProject
Global
	GlobalSection(SolutionConfigurationPlatforms) = preSolution
		Debug|Any CPU = Debug|Any CPU
		Release|Any CPU = Release|Any CPU
	EndGlobalSection
	GlobalSection(ProjectConfigurationPlatforms) = postSolution
		{2886321E-2B4C-2B40-6461-2B487F6A319C}.Debug|Any CPU.ActiveCfg = Debug|Any CPU
		{2886321E-2B4C-2B40-6461-2B487F6A319C}.Debug|Any CPU.Build.0 = Debug|Any CPU
		{2886321E-2B4C-2B40-6461-2B487F6A319C}.Release|Any CPU.ActiveCfg = Release|Any CPU
		{2886321E-2B4C-2B40-6461-2B487F6A319C}.Release|Any CPU.Build.0 = Release|Any CPU
		{937F6BC8-4C9E-416E-E358-D4EAF1D12365}.Debug|Any CPU.ActiveCfg = Debug|Any CPU
		{937F6BC8-4C9E-416E-E358-D4EAF1D12365}.Debug|Any CPU.Build.0 = Debug|Any CPU
		{937F6BC8-4C9E-416E-E358-D4EAF1D12365}.Release|Any CPU.ActiveCfg = Release|Any CPU
		{937F6BC8-4C9E-416E-E358-D4EAF1D12365}.Release|Any CPU.Build.0 = Release|Any CPU
		{266A7BEE-CFB9-39CE-F711-52126546A368}.Debug|Any CPU.ActiveCfg = Debug|Any CPU
		{266A7BEE-CFB9-39CE-F711-52126546A368}.Debug|Any CPU.Build.0 = Debug|Any CPU
		{266A7BEE-CFB9-39CE-F711-52126546A368}.Release|Any CPU.ActiveCfg = Release|Any CPU
		{266A7BEE-CFB9-39CE-F711-52126546A368}.Release|Any CPU.Build.0 = Release|Any CPU
		{DEA613F9-066E-C0BF-4660-8349E3050C58}.Debug|Any CPU.ActiveCfg = Debug|Any CPU
		{DEA613F9-066E-C0BF-4660-8349E3050C58}.Debug|Any CPU.Build.0 = Debug|Any CPU
		{DEA613F9-066E-C0BF-4660-8349E3050C58}.Release|Any CPU.ActiveCfg = Release|Any CPU
		{DEA613F9-066E-C0BF-4660-8349E3050C58}.Release|Any CPU.Build.0 = Release|Any CPU
		{F64634B4-C55F-FD93-2D7B-85EAE9E45EF4}.Debug|Any CPU.ActiveCfg = Debug|Any CPU
		{F64634B4-C55F-FD93-2D7B-85EAE9E45EF4}.Debug|Any CPU.Build.0 = Debug|Any CPU
		{F64634B4-C55F-FD93-2D7B-85EAE9E45EF4}.Release|Any CPU.ActiveCfg = Release|Any CPU
		{F64634B4-C55F-FD93-2D7B-85EAE9E45EF4}.Release|Any CPU.Build.0 = Release|Any CPU
		{B059CDB2-2F2E-0C81-C8A6-2A81D6DEC786}.Debug|Any CPU.ActiveCfg = Debug|Any CPU
		{B059CDB2-2F2E-0C81-C8A6-2A81D6DEC786}.Debug|Any CPU.Build.0 = Debug|Any CPU
		{B059CDB2-2F2E-0C81-C8A6-2A81D6DEC786}.Release|Any CPU.ActiveCfg = Release|Any CPU
		{B059CDB2-2F2E-0C81-C8A6-2A81D6DEC786}.Release|Any CPU.Build.0 = Release|Any CPU
		{A9FF7A6B-9C26-F991-0235-DC0695F321F2}.Debug|Any CPU.ActiveCfg = Debug|Any CPU
		{A9FF7A6B-9C26-F991-0235-DC0695F321F2}.Debug|Any CPU.Build.0 = Debug|Any CPU
		{A9FF7A6B-9C26-F991-0235-DC0695F321F2}.Release|Any CPU.ActiveCfg = Release|Any CPU
		{A9FF7A6B-9C26-F991-0235-DC0695F321F2}.Release|Any CPU.Build.0 = Release|Any CPU
	EndGlobalSection
	GlobalSection(SolutionProperties) = preSolution
		HideSolutionNode = FALSE
	EndGlobalSection
EndGlobal
