
Microsoft Visual Studio Solution File, Format Version 12.00
# Visual Studio 15
Project("{FAE04EC0-301F-11D3-BF4B-00C04F79EFBC}") = "Assembly-CSharp", "Assembly-CSharp.csproj", "{E77D9679-5615-585C-966F-380AC1FFC1C5}"
EndProject
Project("{FAE04EC0-301F-11D3-BF4B-00C04F79EFBC}") = "Assembly-CSharp-firstpass", "Assembly-CSharp-firstpass.csproj", "{9E3753C6-4A05-4FFA-1271-555DF2C605D7}"
EndProject
Project("{FAE04EC0-301F-11D3-BF4B-00C04F79EFBC}") = "Assembly-CSharp-Editor-firstpass", "Assembly-CSharp-Editor-firstpass.csproj", "{29269351-BD35-3B59-847B-5B2C1AE011E5}"
EndProject
Project("{FAE04EC0-301F-11D3-BF4B-00C04F79EFBC}") = "Assembly-CSharp-Editor", "Assembly-CSharp-Editor.csproj", "{5004E03B-B80C-A832-9CC4-04D4830BF688}"
EndProject
Global
	GlobalSection(SolutionConfigurationPlatforms) = preSolution
		Debug|Any CPU = Debug|Any CPU
		Release|Any CPU = Release|Any CPU
	EndGlobalSection
	GlobalSection(ProjectConfigurationPlatforms) = postSolution
		{E77D9679-5615-585C-966F-380AC1FFC1C5}.Debug|Any CPU.ActiveCfg = Debug|Any CPU
		{E77D9679-5615-585C-966F-380AC1FFC1C5}.Debug|Any CPU.Build.0 = Debug|Any CPU
		{E77D9679-5615-585C-966F-380AC1FFC1C5}.Release|Any CPU.ActiveCfg = Release|Any CPU
		{E77D9679-5615-585C-966F-380AC1FFC1C5}.Release|Any CPU.Build.0 = Release|Any CPU
		{9E3753C6-4A05-4FFA-1271-555DF2C605D7}.Debug|Any CPU.ActiveCfg = Debug|Any CPU
		{9E3753C6-4A05-4FFA-1271-555DF2C605D7}.Debug|Any CPU.Build.0 = Debug|Any CPU
		{9E3753C6-4A05-4FFA-1271-555DF2C605D7}.Release|Any CPU.ActiveCfg = Release|Any CPU
		{9E3753C6-4A05-4FFA-1271-555DF2C605D7}.Release|Any CPU.Build.0 = Release|Any CPU
		{29269351-BD35-3B59-847B-5B2C1AE011E5}.Debug|Any CPU.ActiveCfg = Debug|Any CPU
		{29269351-BD35-3B59-847B-5B2C1AE011E5}.Debug|Any CPU.Build.0 = Debug|Any CPU
		{29269351-BD35-3B59-847B-5B2C1AE011E5}.Release|Any CPU.ActiveCfg = Release|Any CPU
		{29269351-BD35-3B59-847B-5B2C1AE011E5}.Release|Any CPU.Build.0 = Release|Any CPU
		{5004E03B-B80C-A832-9CC4-04D4830BF688}.Debug|Any CPU.ActiveCfg = Debug|Any CPU
		{5004E03B-B80C-A832-9CC4-04D4830BF688}.Debug|Any CPU.Build.0 = Debug|Any CPU
		{5004E03B-B80C-A832-9CC4-04D4830BF688}.Release|Any CPU.ActiveCfg = Release|Any CPU
		{5004E03B-B80C-A832-9CC4-04D4830BF688}.Release|Any CPU.Build.0 = Release|Any CPU
	EndGlobalSection
	GlobalSection(SolutionProperties) = preSolution
		HideSolutionNode = FALSE
	EndGlobalSection
EndGlobal
