
Microsoft Visual Studio Solution File, Format Version 12.00
# Visual Studio 15
Project("{FAE04EC0-301F-11D3-BF4B-00C04F79EFBC}") = "Assembly-CSharp", "Assembly-CSharp.csproj", "{7A6A3920-7965-FC5F-7B75-902F2EBBD3B3}"
EndProject
Project("{FAE04EC0-301F-11D3-BF4B-00C04F79EFBC}") = "Assembly-CSharp-firstpass", "Assembly-CSharp-firstpass.csproj", "{4CAB14CE-A973-6BF4-92BF-B96E24F0CD7D}"
EndProject
Project("{FAE04EC0-301F-11D3-BF4B-00C04F79EFBC}") = "Assembly-CSharp-Editor-firstpass", "Assembly-CSharp-Editor-firstpass.csproj", "{8A7F9CC1-009A-D7F1-9D47-8BC4AD2A37F2}"
EndProject
Project("{FAE04EC0-301F-11D3-BF4B-00C04F79EFBC}") = "Assembly-CSharp-Editor", "Assembly-CSharp-Editor.csproj", "{40D2F34C-694D-AD78-C891-3042C68992FA}"
EndProject
Global
	GlobalSection(SolutionConfigurationPlatforms) = preSolution
		Debug|Any CPU = Debug|Any CPU
		Release|Any CPU = Release|Any CPU
	EndGlobalSection
	GlobalSection(ProjectConfigurationPlatforms) = postSolution
		{7A6A3920-7965-FC5F-7B75-902F2EBBD3B3}.Debug|Any CPU.ActiveCfg = Debug|Any CPU
		{7A6A3920-7965-FC5F-7B75-902F2EBBD3B3}.Debug|Any CPU.Build.0 = Debug|Any CPU
		{7A6A3920-7965-FC5F-7B75-902F2EBBD3B3}.Release|Any CPU.ActiveCfg = Release|Any CPU
		{7A6A3920-7965-FC5F-7B75-902F2EBBD3B3}.Release|Any CPU.Build.0 = Release|Any CPU
		{4CAB14CE-A973-6BF4-92BF-B96E24F0CD7D}.Debug|Any CPU.ActiveCfg = Debug|Any CPU
		{4CAB14CE-A973-6BF4-92BF-B96E24F0CD7D}.Debug|Any CPU.Build.0 = Debug|Any CPU
		{4CAB14CE-A973-6BF4-92BF-B96E24F0CD7D}.Release|Any CPU.ActiveCfg = Release|Any CPU
		{4CAB14CE-A973-6BF4-92BF-B96E24F0CD7D}.Release|Any CPU.Build.0 = Release|Any CPU
		{8A7F9CC1-009A-D7F1-9D47-8BC4AD2A37F2}.Debug|Any CPU.ActiveCfg = Debug|Any CPU
		{8A7F9CC1-009A-D7F1-9D47-8BC4AD2A37F2}.Debug|Any CPU.Build.0 = Debug|Any CPU
		{8A7F9CC1-009A-D7F1-9D47-8BC4AD2A37F2}.Release|Any CPU.ActiveCfg = Release|Any CPU
		{8A7F9CC1-009A-D7F1-9D47-8BC4AD2A37F2}.Release|Any CPU.Build.0 = Release|Any CPU
		{40D2F34C-694D-AD78-C891-3042C68992FA}.Debug|Any CPU.ActiveCfg = Debug|Any CPU
		{40D2F34C-694D-AD78-C891-3042C68992FA}.Debug|Any CPU.Build.0 = Debug|Any CPU
		{40D2F34C-694D-AD78-C891-3042C68992FA}.Release|Any CPU.ActiveCfg = Release|Any CPU
		{40D2F34C-694D-AD78-C891-3042C68992FA}.Release|Any CPU.Build.0 = Release|Any CPU
	EndGlobalSection
	GlobalSection(SolutionProperties) = preSolution
		HideSolutionNode = FALSE
	EndGlobalSection
EndGlobal
