
Microsoft Visual Studio Solution File, Format Version 12.00
# Visual Studio 15
Project("{FAE04EC0-301F-11D3-BF4B-00C04F79EFBC}") = "Assembly-CSharp", "Assembly-CSharp.csproj", "{DC8365BC-211B-68E6-7FC3-DC5C393CA6CA}"
EndProject
Project("{FAE04EC0-301F-11D3-BF4B-00C04F79EFBC}") = "Assembly-CSharp-firstpass", "Assembly-CSharp-firstpass.csproj", "{0758C1B4-EBD8-E960-6A5A-E85E67B6F154}"
EndProject
Project("{FAE04EC0-301F-11D3-BF4B-00C04F79EFBC}") = "Assembly-CSharp-Editor-firstpass", "Assembly-CSharp-Editor-firstpass.csproj", "{6E3AF659-954F-970F-BEEC-080C7A15A6D8}"
EndProject
Project("{FAE04EC0-301F-11D3-BF4B-00C04F79EFBC}") = "Assembly-CSharp-Editor", "Assembly-CSharp-Editor.csproj", "{C248DB84-2134-7AA9-5D99-BFB53FD80767}"
EndProject
Global
	GlobalSection(SolutionConfigurationPlatforms) = preSolution
		Debug|Any CPU = Debug|Any CPU
		Release|Any CPU = Release|Any CPU
	EndGlobalSection
	GlobalSection(ProjectConfigurationPlatforms) = postSolution
		{DC8365BC-211B-68E6-7FC3-DC5C393CA6CA}.Debug|Any CPU.ActiveCfg = Debug|Any CPU
		{DC8365BC-211B-68E6-7FC3-DC5C393CA6CA}.Debug|Any CPU.Build.0 = Debug|Any CPU
		{DC8365BC-211B-68E6-7FC3-DC5C393CA6CA}.Release|Any CPU.ActiveCfg = Release|Any CPU
		{DC8365BC-211B-68E6-7FC3-DC5C393CA6CA}.Release|Any CPU.Build.0 = Release|Any CPU
		{0758C1B4-EBD8-E960-6A5A-E85E67B6F154}.Debug|Any CPU.ActiveCfg = Debug|Any CPU
		{0758C1B4-EBD8-E960-6A5A-E85E67B6F154}.Debug|Any CPU.Build.0 = Debug|Any CPU
		{0758C1B4-EBD8-E960-6A5A-E85E67B6F154}.Release|Any CPU.ActiveCfg = Release|Any CPU
		{0758C1B4-EBD8-E960-6A5A-E85E67B6F154}.Release|Any CPU.Build.0 = Release|Any CPU
		{6E3AF659-954F-970F-BEEC-080C7A15A6D8}.Debug|Any CPU.ActiveCfg = Debug|Any CPU
		{6E3AF659-954F-970F-BEEC-080C7A15A6D8}.Debug|Any CPU.Build.0 = Debug|Any CPU
		{6E3AF659-954F-970F-BEEC-080C7A15A6D8}.Release|Any CPU.ActiveCfg = Release|Any CPU
		{6E3AF659-954F-970F-BEEC-080C7A15A6D8}.Release|Any CPU.Build.0 = Release|Any CPU
		{C248DB84-2134-7AA9-5D99-BFB53FD80767}.Debug|Any CPU.ActiveCfg = Debug|Any CPU
		{C248DB84-2134-7AA9-5D99-BFB53FD80767}.Debug|Any CPU.Build.0 = Debug|Any CPU
		{C248DB84-2134-7AA9-5D99-BFB53FD80767}.Release|Any CPU.ActiveCfg = Release|Any CPU
		{C248DB84-2134-7AA9-5D99-BFB53FD80767}.Release|Any CPU.Build.0 = Release|Any CPU
	EndGlobalSection
	GlobalSection(SolutionProperties) = preSolution
		HideSolutionNode = FALSE
	EndGlobalSection
EndGlobal
